
Microsoft Visual Studio Solution File, Format Version 12.00
# Visual Studio Version 16
VisualStudioVersion = 16.0.30204.135
MinimumVisualStudioVersion = 10.0.40219.1
Project("{FAE04EC0-301F-11D3-BF4B-00C04F79EFBC}") = "Calculator", "Calculator.csproj", "{1D451473-02D7-4A29-A95E-B138C4DBB2AA}"
EndProject
Global
	GlobalSection(SolutionConfigurationPlatforms) = preSolution
		Debug|Any CPU = Debug|Any CPU
		Release|Any CPU = Release|Any CPU
	EndGlobalSection
	GlobalSection(ProjectConfigurationPlatforms) = postSolution
		{1D451473-02D7-4A29-A95E-B138C4DBB2AA}.Debug|Any CPU.ActiveCfg = Debug|Any CPU
		{1D451473-02D7-4A29-A95E-B138C4DBB2AA}.Debug|Any CPU.Build.0 = Debug|Any CPU
		{1D451473-02D7-4A29-A95E-B138C4DBB2AA}.Release|Any CPU.ActiveCfg = Release|Any CPU
		{1D451473-02D7-4A29-A95E-B138C4DBB2AA}.Release|Any CPU.Build.0 = Release|Any CPU
	EndGlobalSection
	GlobalSection(SolutionProperties) = preSolution
		HideSolutionNode = FALSE
	EndGlobalSection
	GlobalSection(ExtensibilityGlobals) = postSolution
		SolutionGuid = {FC514A0F-7220-444F-9845-129CF1FE37D4}
	EndGlobalSection
EndGlobal
